{
  "name": "voice-ai-bot",
  "version": "1.0.0",
  "lockfileVersion": 1,
  "requires": true,
  "dependencies": {
    "rfc4122": {
      "version": "1.0.6",
      "resolved": "https://registry.npmjs.org/rfc4122/-/rfc4122-1.0.6.tgz",
      "integrity": "sha512-ZO9UA3pXAzhJEL5l8NT01yeivBwl09jFATa5Do6JbvUxJ6sabQuGIxDWWbolJiu3c5IyihSgXsqzs6s1/on4AQ=="
    },
    "uuid": {
      "version": "8.0.0",
      "resolved": "https://registry.npmjs.org/uuid/-/uuid-8.0.0.tgz",
      "integrity": "sha512-jOXGuXZAWdsTH7eZLtyXMqUb9EcWMGZNbL9YcGBJl4MH4nrxHmZJhEHvyLFrkxo+28uLb/NYRcStH48fnD0Vzw=="
    }
  }
}
